# THIS IS AN AUTOGENERATED FILE. DO NOT EDIT THIS FILE DIRECTLY.
# yarn lockfile v1
apollo-utilities@^1.2.1:
  version "1.2.1"
  resolved "https://registry.yarnpkg.com/apollo-utilities/-/apollo-utilities-1.2.1.tgz#1c3a1ebf5607d7c8efe7636daaf58e7463b41b3c"
  dependencies:
    fast-json-stable-stringify "^2.0.0"
    ts-invariant "^0.2.1"
    tslib "^1.9.3"

fast-json-stable-stringify@^2.0.0:
  version "2.0.0"
  resolved "https://registry.yarnpkg.com/fast-json-stable-stringify/-/fast-json-stable-stringify-2.0.0.tgz#d5142c0caee6b1189f87d3a76111064f86c8bbf2"

hoist-non-react-statics@^3.3.0:
  version "3.3.0"
  resolved "https://registry.yarnpkg.com/hoist-non-react-statics/-/hoist-non-react-statics-3.3.0.tgz#b09178f0122184fb95acf525daaecb4d8f45958b"
  dependencies:
    react-is "^16.7.0"

"js-tokens@^3.0.0 || ^4.0.0":
  version "4.0.0"
  resolved "https://registry.yarnpkg.com/js-tokens/-/js-tokens-4.0.0.tgz#19203fb59991df98e3a287050d4647cdeaf32499"

lodash.isequal@^4.5.0:
  version "4.5.0"
  resolved "https://registry.yarnpkg.com/lodash.isequal/-/lodash.isequal-4.5.0.tgz#415c4478f2bcc30120c22ce10ed3226f7d3e18e0"

loose-envify@^1.4.0:
  version "1.4.0"
  resolved "https://registry.yarnpkg.com/loose-envify/-/loose-envify-1.4.0.tgz#71ee51fa7be4caec1a63839f7e682d8132d30caf"
  dependencies:
    js-tokens "^3.0.0 || ^4.0.0"

object-assign@^4.1.1:
  version "4.1.1"
  resolved "https://registry.yarnpkg.com/object-assign/-/object-assign-4.1.1.tgz#2109adc7965887cfc05cbbd442cac8bfbb360863"

prop-types@^15.7.2:
  version "15.7.2"
  resolved "https://registry.yarnpkg.com/prop-types/-/prop-types-15.7.2.tgz#52c41e75b8c87e72b9d9360e0206b99dcbffa6c5"
  dependencies:
    loose-envify "^1.4.0"
    object-assign "^4.1.1"
    react-is "^16.8.1"

react-apollo:
  version "2.5.3"
  resolved "https://registry.yarnpkg.com/react-apollo/-/react-apollo-2.5.3.tgz#9844a522894a6e0392f6a982c6052348d9a4ae12"
  dependencies:
    apollo-utilities "^1.2.1"
    hoist-non-react-statics "^3.3.0"
    lodash.isequal "^4.5.0"
    prop-types "^15.7.2"
    ts-invariant "^0.3.2"
    tslib "^1.9.3"

react-is@^16.7.0, react-is@^16.8.1:
  version "16.8.6"
  resolved "https://registry.yarnpkg.com/react-is/-/react-is-16.8.6.tgz#5bbc1e2d29141c9fbdfed456343fe2bc430a6a16"

ts-invariant@^0.2.1:
  version "0.2.1"
  resolved "https://registry.yarnpkg.com/ts-invariant/-/ts-invariant-0.2.1.tgz#3d587f9d6e3bded97bf9ec17951dd9814d5a9d3f"
  dependencies:
    tslib "^1.9.3"

ts-invariant@^0.3.2:
  version "0.3.2"
  resolved "https://registry.yarnpkg.com/ts-invariant/-/ts-invariant-0.3.2.tgz#89a2ffeb70879b777258df1df1c59383c35209b0"
  dependencies:
    tslib "^1.9.3"

tslib@^1.9.3:
  version "1.9.3"
  resolved "https://registry.yarnpkg.com/tslib/-/tslib-1.9.3.tgz#d7e4dd79245d85428c4d7e4822a79917954ca286"

